// !$*UTF8*$!
{
	archiveVersion = 1;
	classes = {
	};
	objectVersion = 55;
	objects = {

/* Begin PBXBuildFile section */
		BF56F6122721D21B00BFF8F7 /* SpeedFlipApp.swift in Sources */ = {isa = PBXBuildFile; fileRef = BF56F6112721D21B00BFF8F7 /* SpeedFlipApp.swift */; };
		BF56F6272721D35600BFF8F7 /* AudioManager.swift in Sources */ = {isa = PBXBuildFile; fileRef = BF56F6262721D35600BFF8F7 /* AudioManager.swift */; };
		BF56F6292721D37600BFF8F7 /* CardView.swift in Sources */ = {isa = PBXBuildFile; fileRef = BF56F6282721D37600BFF8F7 /* CardView.swift */; };
		BF56F62B2721D39400BFF8F7 /* CardAnimation.swift in Sources */ = {isa = PBXBuildFile; fileRef = BF56F62A2721D39400BFF8F7 /* CardAnimation.swift */; };
		BF56F62D2721D3B000BFF8F7 /* CardGrid.swift in Sources */ = {isa = PBXBuildFile; fileRef = BF56F62C2721D3B000BFF8F7 /* CardGrid.swift */; };
		BF56F6332721D3E100BFF8F7 /* GameInfo.swift in Sources */ = {isa = PBXBuildFile; fileRef = BF56F6322721D3E100BFF8F7 /* GameInfo.swift */; };
		BF56F6352721D3F900BFF8F7 /* MenuScreenViewController.swift in Sources */ = {isa = PBXBuildFile; fileRef = BF56F6342721D3F900BFF8F7 /* MenuScreenViewController.swift */; };
		BF56F63A2721D40900BFF8F7 /* PlayScreenViewController.swift in Sources */ = {isa = PBXBuildFile; fileRef = BF56F6392721D40900BFF8F7 /* PlayScreenViewController.swift */; };
		BF56F63C2721D40D00BFF8F7 /* ScoreViewController.swift in Sources */ = {isa = PBXBuildFile; fileRef = BF56F63B2721D40D00BFF8F7 /* ScoreViewController.swift */; };
		BF56F63E2721D41300BFF8F7 /* Stopwatch.swift in Sources */ = {isa = PBXBuildFile; fileRef = BF56F63D2721D41300BFF8F7 /* Stopwatch.swift */; };
		BF56F6402721D41600BFF8F7 /* TimerView(UIView).swift in Sources */ = {isa = PBXBuildFile; fileRef = BF56F63F2721D41600BFF8F7 /* TimerView(UIView).swift */; };
		BF56F6422721D52700BFF8F7 /* Assets.xcassets in Resources */ = {isa = PBXBuildFile; fileRef = BF56F6412721D52700BFF8F7 /* Assets.xcassets */; };
		BF56F6452721D52B00BFF8F7 /* LaunchScreen.storyboard in Resources */ = {isa = PBXBuildFile; fileRef = BF56F6432721D52B00BFF8F7 /* LaunchScreen.storyboard */; };
		BF56F6462721D52B00BFF8F7 /* Main.storyboard in Resources */ = {isa = PBXBuildFile; fileRef = BF56F6442721D52B00BFF8F7 /* Main.storyboard */; };
		BF56F6482721D76B00BFF8F7 /* GameAudio in Resources */ = {isa = PBXBuildFile; fileRef = BF56F6472721D76A00BFF8F7 /* GameAudio */; };
		BF56F64A2721D77100BFF8F7 /* MenuAudio in Resources */ = {isa = PBXBuildFile; fileRef = BF56F6492721D77100BFF8F7 /* MenuAudio */; };
		BF56F64C2721D77700BFF8F7 /* SoundEffects in Resources */ = {isa = PBXBuildFile; fileRef = BF56F64B2721D77700BFF8F7 /* SoundEffects */; };
/* End PBXBuildFile section */

/* Begin PBXFileReference section */
		BF56F60F2721D21B00BFF8F7 /* SpeedFlip.app */ = {isa = PBXFileReference; explicitFileType = wrapper.application; includeInIndex = 0; path = SpeedFlip.app; sourceTree = BUILT_PRODUCTS_DIR; };
		BF56F6112721D21B00BFF8F7 /* SpeedFlipApp.swift */ = {isa = PBXFileReference; lastKnownFileType = sourcecode.swift; path = SpeedFlipApp.swift; sourceTree = "<group>"; };
		BF56F6262721D35600BFF8F7 /* AudioManager.swift */ = {isa = PBXFileReference; lastKnownFileType = sourcecode.swift; path = AudioManager.swift; sourceTree = "<group>"; };
		BF56F6282721D37600BFF8F7 /* CardView.swift */ = {isa = PBXFileReference; lastKnownFileType = sourcecode.swift; path = CardView.swift; sourceTree = "<group>"; };
		BF56F62A2721D39400BFF8F7 /* CardAnimation.swift */ = {isa = PBXFileReference; lastKnownFileType = sourcecode.swift; path = CardAnimation.swift; sourceTree = "<group>"; };
		BF56F62C2721D3B000BFF8F7 /* CardGrid.swift */ = {isa = PBXFileReference; lastKnownFileType = sourcecode.swift; path = CardGrid.swift; sourceTree = "<group>"; };
		BF56F6322721D3E100BFF8F7 /* GameInfo.swift */ = {isa = PBXFileReference; lastKnownFileType = sourcecode.swift; path = GameInfo.swift; sourceTree = "<group>"; };
		BF56F6342721D3F900BFF8F7 /* MenuScreenViewController.swift */ = {isa = PBXFileReference; lastKnownFileType = sourcecode.swift; path = MenuScreenViewController.swift; sourceTree = "<group>"; };
		BF56F6392721D40900BFF8F7 /* PlayScreenViewController.swift */ = {isa = PBXFileReference; lastKnownFileType = sourcecode.swift; path = PlayScreenViewController.swift; sourceTree = "<group>"; };
		BF56F63B2721D40D00BFF8F7 /* ScoreViewController.swift */ = {isa = PBXFileReference; lastKnownFileType = sourcecode.swift; path = ScoreViewController.swift; sourceTree = "<group>"; };
		BF56F63D2721D41300BFF8F7 /* Stopwatch.swift */ = {isa = PBXFileReference; lastKnownFileType = sourcecode.swift; path = Stopwatch.swift; sourceTree = "<group>"; };
		BF56F63F2721D41600BFF8F7 /* TimerView(UIView).swift */ = {isa = PBXFileReference; lastKnownFileType = sourcecode.swift; path = "TimerView(UIView).swift"; sourceTree = "<group>"; };
		BF56F6412721D52700BFF8F7 /* Assets.xcassets */ = {isa = PBXFileReference; lastKnownFileType = folder.assetcatalog; path = Assets.xcassets; sourceTree = "<group>"; };
		BF56F6432721D52B00BFF8F7 /* LaunchScreen.storyboard */ = {isa = PBXFileReference; fileEncoding = 4; lastKnownFileType = file.storyboard; path = LaunchScreen.storyboard; sourceTree = "<group>"; };
		BF56F6442721D52B00BFF8F7 /* Main.storyboard */ = {isa = PBXFileReference; fileEncoding = 4; lastKnownFileType = file.storyboard; path = Main.storyboard; sourceTree = "<group>"; };
		BF56F6472721D76A00BFF8F7 /* GameAudio */ = {isa = PBXFileReference; lastKnownFileType = folder; path = GameAudio; sourceTree = "<group>"; };
		BF56F6492721D77100BFF8F7 /* MenuAudio */ = {isa = PBXFileReference; lastKnownFileType = folder; path = MenuAudio; sourceTree = "<group>"; };
		BF56F64B2721D77700BFF8F7 /* SoundEffects */ = {isa = PBXFileReference; lastKnownFileType = folder; path = SoundEffects; sourceTree = "<group>"; };
/* End PBXFileReference section */

/* Begin PBXFrameworksBuildPhase section */
		BF56F60C2721D21B00BFF8F7 /* Frameworks */ = {
			isa = PBXFrameworksBuildPhase;
			buildActionMask = 2147483647;
			files = (
			);
			runOnlyForDeploymentPostprocessing = 0;
		};
/* End PBXFrameworksBuildPhase section */

/* Begin PBXGroup section */
		BF082EBD2721CFDD00B0834B = {
			isa = PBXGroup;
			children = (
				BF56F6102721D21B00BFF8F7 /* SpeedFlip */,
				BF082EC72721CFDD00B0834B /* Products */,
			);
			sourceTree = "<group>";
		};
		BF082EC72721CFDD00B0834B /* Products */ = {
			isa = PBXGroup;
			children = (
				BF56F60F2721D21B00BFF8F7 /* SpeedFlip.app */,
			);
			name = Products;
			sourceTree = "<group>";
		};
		BF56F6102721D21B00BFF8F7 /* SpeedFlip */ = {
			isa = PBXGroup;
			children = (
				BF56F64B2721D77700BFF8F7 /* SoundEffects */,
				BF56F6492721D77100BFF8F7 /* MenuAudio */,
				BF56F6472721D76A00BFF8F7 /* GameAudio */,
				BF83E4BD2725D7210052D3D5 /* Views */,
				BF56F63D2721D41300BFF8F7 /* Stopwatch.swift */,
				BF83E4BE2725D7380052D3D5 /* Screens */,
				BF56F6112721D21B00BFF8F7 /* SpeedFlipApp.swift */,
				BF83E4C22725D8060052D3D5 /* Storyboards */,
				BF56F6412721D52700BFF8F7 /* Assets.xcassets */,
				BF56F6262721D35600BFF8F7 /* AudioManager.swift */,
				BF56F6322721D3E100BFF8F7 /* GameInfo.swift */,
			);
			path = SpeedFlip;
			sourceTree = "<group>";
		};
		BF83E4BD2725D7210052D3D5 /* Views */ = {
			isa = PBXGroup;
			children = (
				BF56F62A2721D39400BFF8F7 /* CardAnimation.swift */,
				BF56F62C2721D3B000BFF8F7 /* CardGrid.swift */,
				BF56F6282721D37600BFF8F7 /* CardView.swift */,
				BF56F63F2721D41600BFF8F7 /* TimerView(UIView).swift */,
			);
			path = Views;
			sourceTree = "<group>";
		};
		BF83E4BE2725D7380052D3D5 /* Screens */ = {
			isa = PBXGroup;
			children = (
				BF56F63B2721D40D00BFF8F7 /* ScoreViewController.swift */,
				BF56F6392721D40900BFF8F7 /* PlayScreenViewController.swift */,
				BF56F6342721D3F900BFF8F7 /* MenuScreenViewController.swift */,
			);
			path = Screens;
			sourceTree = "<group>";
		};
		BF83E4C22725D8060052D3D5 /* Storyboards */ = {
			isa = PBXGroup;
			children = (
				BF56F6432721D52B00BFF8F7 /* LaunchScreen.storyboard */,
				BF56F6442721D52B00BFF8F7 /* Main.storyboard */,
			);
			name = Storyboards;
			sourceTree = "<group>";
		};
/* End PBXGroup section */

/* Begin PBXNativeTarget section */
		BF56F60E2721D21B00BFF8F7 /* SpeedFlip */ = {
			isa = PBXNativeTarget;
			buildConfigurationList = BF56F61F2721D21E00BFF8F7 /* Build configuration list for PBXNativeTarget "SpeedFlip" */;
			buildPhases = (
				BF56F60B2721D21B00BFF8F7 /* Sources */,
				BF56F60C2721D21B00BFF8F7 /* Frameworks */,
				BF56F60D2721D21B00BFF8F7 /* Resources */,
			);
			buildRules = (
			);
			dependencies = (
			);
			name = SpeedFlip;
			productName = SpeedFlip;
			productReference = BF56F60F2721D21B00BFF8F7 /* SpeedFlip.app */;
			productType = "com.apple.product-type.application";
		};
/* End PBXNativeTarget section */

/* Begin PBXProject section */
		BF082EBE2721CFDD00B0834B /* Project object */ = {
			isa = PBXProject;
			attributes = {
				BuildIndependentTargetsInParallel = 1;
				LastSwiftUpdateCheck = 1300;
				LastUpgradeCheck = 1300;
				TargetAttributes = {
					BF56F60E2721D21B00BFF8F7 = {
						CreatedOnToolsVersion = 13.0;
					};
				};
			};
			buildConfigurationList = BF082EC12721CFDD00B0834B /* Build configuration list for PBXProject "SpeedFlip" */;
			compatibilityVersion = "Xcode 13.0";
			developmentRegion = en;
			hasScannedForEncodings = 0;
			knownRegions = (
				en,
				Base,
			);
			mainGroup = BF082EBD2721CFDD00B0834B;
			productRefGroup = BF082EC72721CFDD00B0834B /* Products */;
			projectDirPath = "";
			projectRoot = "";
			targets = (
				BF56F60E2721D21B00BFF8F7 /* SpeedFlip */,
			);
		};
/* End PBXProject section */

/* Begin PBXResourcesBuildPhase section */
		BF56F60D2721D21B00BFF8F7 /* Resources */ = {
			isa = PBXResourcesBuildPhase;
			buildActionMask = 2147483647;
			files = (
				BF56F6452721D52B00BFF8F7 /* LaunchScreen.storyboard in Resources */,
				BF56F64C2721D77700BFF8F7 /* SoundEffects in Resources */,
				BF56F6422721D52700BFF8F7 /* Assets.xcassets in Resources */,
				BF56F6462721D52B00BFF8F7 /* Main.storyboard in Resources */,
				BF56F64A2721D77100BFF8F7 /* MenuAudio in Resources */,
				BF56F6482721D76B00BFF8F7 /* GameAudio in Resources */,
			);
			runOnlyForDeploymentPostprocessing = 0;
		};
/* End PBXResourcesBuildPhase section */

/* Begin PBXSourcesBuildPhase section */
		BF56F60B2721D21B00BFF8F7 /* Sources */ = {
			isa = PBXSourcesBuildPhase;
			buildActionMask = 2147483647;
			files = (
				BF56F62D2721D3B000BFF8F7 /* CardGrid.swift in Sources */,
				BF56F63C2721D40D00BFF8F7 /* ScoreViewController.swift in Sources */,
				BF56F62B2721D39400BFF8F7 /* CardAnimation.swift in Sources */,
				BF56F6352721D3F900BFF8F7 /* MenuScreenViewController.swift in Sources */,
				BF56F63E2721D41300BFF8F7 /* Stopwatch.swift in Sources */,
				BF56F63A2721D40900BFF8F7 /* PlayScreenViewController.swift in Sources */,
				BF56F6272721D35600BFF8F7 /* AudioManager.swift in Sources */,
				BF56F6332721D3E100BFF8F7 /* GameInfo.swift in Sources */,
				BF56F6292721D37600BFF8F7 /* CardView.swift in Sources */,
				BF56F6402721D41600BFF8F7 /* TimerView(UIView).swift in Sources */,
				BF56F6122721D21B00BFF8F7 /* SpeedFlipApp.swift in Sources */,
			);
			runOnlyForDeploymentPostprocessing = 0;
		};
/* End PBXSourcesBuildPhase section */

/* Begin XCBuildConfiguration section */
		BF082ED72721CFDF00B0834B /* Debug */ = {
			isa = XCBuildConfiguration;
			buildSettings = {
				ALWAYS_SEARCH_USER_PATHS = NO;
				CLANG_ANALYZER_NONNULL = YES;
				CLANG_ANALYZER_NUMBER_OBJECT_CONVERSION = YES_AGGRESSIVE;
				CLANG_CXX_LANGUAGE_STANDARD = "gnu++17";
				CLANG_CXX_LIBRARY = "libc++";
				CLANG_ENABLE_MODULES = YES;
				CLANG_ENABLE_OBJC_ARC = YES;
				CLANG_ENABLE_OBJC_WEAK = YES;
				CLANG_WARN_BLOCK_CAPTURE_AUTORELEASING = YES;
				CLANG_WARN_BOOL_CONVERSION = YES;
				CLANG_WARN_COMMA = YES;
				CLANG_WARN_CONSTANT_CONVERSION = YES;
				CLANG_WARN_DEPRECATED_OBJC_IMPLEMENTATIONS = YES;
				CLANG_WARN_DIRECT_OBJC_ISA_USAGE = YES_ERROR;
				CLANG_WARN_DOCUMENTATION_COMMENTS = YES;
				CLANG_WARN_EMPTY_BODY = YES;
				CLANG_WARN_ENUM_CONVERSION = YES;
				CLANG_WARN_INFINITE_RECURSION = YES;
				CLANG_WARN_INT_CONVERSION = YES;
				CLANG_WARN_NON_LITERAL_NULL_CONVERSION = YES;
				CLANG_WARN_OBJC_IMPLICIT_RETAIN_SELF = YES;
				CLANG_WARN_OBJC_LITERAL_CONVERSION = YES;
				CLANG_WARN_OBJC_ROOT_CLASS = YES_ERROR;
				CLANG_WARN_QUOTED_INCLUDE_IN_FRAMEWORK_HEADER = YES;
				CLANG_WARN_RANGE_LOOP_ANALYSIS = YES;
				CLANG_WARN_STRICT_PROTOTYPES = YES;
				CLANG_WARN_SUSPICIOUS_MOVE = YES;
				CLANG_WARN_UNGUARDED_AVAILABILITY = YES_AGGRESSIVE;
				CLANG_WARN_UNREACHABLE_CODE = YES;
				CLANG_WARN__DUPLICATE_METHOD_MATCH = YES;
				COPY_PHASE_STRIP = NO;
				DEBUG_INFORMATION_FORMAT = dwarf;
				ENABLE_STRICT_OBJC_MSGSEND = YES;
				ENABLE_TESTABILITY = YES;
				GCC_C_LANGUAGE_STANDARD = gnu11;
				GCC_DYNAMIC_NO_PIC = NO;
				GCC_NO_COMMON_BLOCKS = YES;
				GCC_OPTIMIZATION_LEVEL = 0;
				GCC_PREPROCESSOR_DEFINITIONS = (
					"DEBUG=1",
					"$(inherited)",
				);
				GCC_WARN_64_TO_32_BIT_CONVERSION = YES;
				GCC_WARN_ABOUT_RETURN_TYPE = YES_ERROR;
				GCC_WARN_UNDECLARED_SELECTOR = YES;
				GCC_WARN_UNINITIALIZED_AUTOS = YES_AGGRESSIVE;
				GCC_WARN_UNUSED_FUNCTION = YES;
				GCC_WARN_UNUSED_VARIABLE = YES;
				IPHONEOS_DEPLOYMENT_TARGET = 15.0;
				MTL_ENABLE_DEBUG_INFO = INCLUDE_SOURCE;
				MTL_FAST_MATH = YES;
				ONLY_ACTIVE_ARCH = YES;
				SDKROOT = iphoneos;
				SWIFT_ACTIVE_COMPILATION_CONDITIONS = DEBUG;
				SWIFT_OPTIMIZATION_LEVEL = "-Onone";
			};
			name = Debug;
		};
		BF082ED82721CFDF00B0834B /* Release */ = {
			isa = XCBuildConfiguration;
			buildSettings = {
				ALWAYS_SEARCH_USER_PATHS = NO;
				CLANG_ANALYZER_NONNULL = YES;
				CLANG_ANALYZER_NUMBER_OBJECT_CONVERSION = YES_AGGRESSIVE;
				CLANG_CXX_LANGUAGE_STANDARD = "gnu++17";
				CLANG_CXX_LIBRARY = "libc++";
				CLANG_ENABLE_MODULES = YES;
				CLANG_ENABLE_OBJC_ARC = YES;
				CLANG_ENABLE_OBJC_WEAK = YES;
				CLANG_WARN_BLOCK_CAPTURE_AUTORELEASING = YES;
				CLANG_WARN_BOOL_CONVERSION = YES;
				CLANG_WARN_COMMA = YES;
				CLANG_WARN_CONSTANT_CONVERSION = YES;
				CLANG_WARN_DEPRECATED_OBJC_IMPLEMENTATIONS = YES;
				CLANG_WARN_DIRECT_OBJC_ISA_USAGE = YES_ERROR;
				CLANG_WARN_DOCUMENTATION_COMMENTS = YES;
				CLANG_WARN_EMPTY_BODY = YES;
				CLANG_WARN_ENUM_CONVERSION = YES;
				CLANG_WARN_INFINITE_RECURSION = YES;
				CLANG_WARN_INT_CONVERSION = YES;
				CLANG_WARN_NON_LITERAL_NULL_CONVERSION = YES;
				CLANG_WARN_OBJC_IMPLICIT_RETAIN_SELF = YES;
				CLANG_WARN_OBJC_LITERAL_CONVERSION = YES;
				CLANG_WARN_OBJC_ROOT_CLASS = YES_ERROR;
				CLANG_WARN_QUOTED_INCLUDE_IN_FRAMEWORK_HEADER = YES;
				CLANG_WARN_RANGE_LOOP_ANALYSIS = YES;
				CLANG_WARN_STRICT_PROTOTYPES = YES;
				CLANG_WARN_SUSPICIOUS_MOVE = YES;
				CLANG_WARN_UNGUARDED_AVAILABILITY = YES_AGGRESSIVE;
				CLANG_WARN_UNREACHABLE_CODE = YES;
				CLANG_WARN__DUPLICATE_METHOD_MATCH = YES;
				COPY_PHASE_STRIP = NO;
				DEBUG_INFORMATION_FORMAT = "dwarf-with-dsym";
				ENABLE_NS_ASSERTIONS = NO;
				ENABLE_STRICT_OBJC_MSGSEND = YES;
				GCC_C_LANGUAGE_STANDARD = gnu11;
				GCC_NO_COMMON_BLOCKS = YES;
				GCC_WARN_64_TO_32_BIT_CONVERSION = YES;
				GCC_WARN_ABOUT_RETURN_TYPE = YES_ERROR;
				GCC_WARN_UNDECLARED_SELECTOR = YES;
				GCC_WARN_UNINITIALIZED_AUTOS = YES_AGGRESSIVE;
				GCC_WARN_UNUSED_FUNCTION = YES;
				GCC_WARN_UNUSED_VARIABLE = YES;
				IPHONEOS_DEPLOYMENT_TARGET = 15.0;
				MTL_ENABLE_DEBUG_INFO = NO;
				MTL_FAST_MATH = YES;
				SDKROOT = iphoneos;
				SWIFT_COMPILATION_MODE = wholemodule;
				SWIFT_OPTIMIZATION_LEVEL = "-O";
				VALIDATE_PRODUCT = YES;
			};
			name = Release;
		};
		BF56F6202721D21E00BFF8F7 /* Debug */ = {
			isa = XCBuildConfiguration;
			buildSettings = {
				ASSETCATALOG_COMPILER_APPICON_NAME = AppIcon;
				ASSETCATALOG_COMPILER_GLOBAL_ACCENT_COLOR_NAME = AccentColor;
				CODE_SIGN_STYLE = Automatic;
				CURRENT_PROJECT_VERSION = 1;
				DEVELOPMENT_ASSET_PATHS = "";
				DEVELOPMENT_TEAM = 9Z83TAWGQL;
				ENABLE_PREVIEWS = YES;
				GENERATE_INFOPLIST_FILE = YES;
				INFOPLIST_KEY_UIApplicationSceneManifest_Generation = YES;
				INFOPLIST_KEY_UIApplicationSupportsIndirectInputEvents = YES;
				INFOPLIST_KEY_UILaunchScreen_Generation = YES;
				INFOPLIST_KEY_UISupportedInterfaceOrientations_iPad = "UIInterfaceOrientationPortrait UIInterfaceOrientationPortraitUpsideDown UIInterfaceOrientationLandscapeLeft UIInterfaceOrientationLandscapeRight";
				INFOPLIST_KEY_UISupportedInterfaceOrientations_iPhone = "UIInterfaceOrientationPortrait UIInterfaceOrientationLandscapeLeft UIInterfaceOrientationLandscapeRight";
				IPHONEOS_DEPLOYMENT_TARGET = 14.0;
				LD_RUNPATH_SEARCH_PATHS = (
					"$(inherited)",
					"@executable_path/Frameworks",
				);
				MARKETING_VERSION = 1.0;
				PRODUCT_BUNDLE_IDENTIFIER = nicholasverrico.SpeedFlip;
				PRODUCT_NAME = "$(TARGET_NAME)";
				SWIFT_EMIT_LOC_STRINGS = YES;
				SWIFT_VERSION = 5.0;
				TARGETED_DEVICE_FAMILY = "1,2";
			};
			name = Debug;
		};
		BF56F6212721D21E00BFF8F7 /* Release */ = {
			isa = XCBuildConfiguration;
			buildSettings = {
				ASSETCATALOG_COMPILER_APPICON_NAME = AppIcon;
				ASSETCATALOG_COMPILER_GLOBAL_ACCENT_COLOR_NAME = AccentColor;
				CODE_SIGN_STYLE = Automatic;
				CURRENT_PROJECT_VERSION = 1;
				DEVELOPMENT_ASSET_PATHS = "";
				DEVELOPMENT_TEAM = 9Z83TAWGQL;
				ENABLE_PREVIEWS = YES;
				GENERATE_INFOPLIST_FILE = YES;
				INFOPLIST_KEY_UIApplicationSceneManifest_Generation = YES;
				INFOPLIST_KEY_UIApplicationSupportsIndirectInputEvents = YES;
				INFOPLIST_KEY_UILaunchScreen_Generation = YES;
				INFOPLIST_KEY_UISupportedInterfaceOrientations_iPad = "UIInterfaceOrientationPortrait UIInterfaceOrientationPortraitUpsideDown UIInterfaceOrientationLandscapeLeft UIInterfaceOrientationLandscapeRight";
				INFOPLIST_KEY_UISupportedInterfaceOrientations_iPhone = "UIInterfaceOrientationPortrait UIInterfaceOrientationLandscapeLeft UIInterfaceOrientationLandscapeRight";
				IPHONEOS_DEPLOYMENT_TARGET = 14.0;
				LD_RUNPATH_SEARCH_PATHS = (
					"$(inherited)",
					"@executable_path/Frameworks",
				);
				MARKETING_VERSION = 1.0;
				PRODUCT_BUNDLE_IDENTIFIER = nicholasverrico.SpeedFlip;
				PRODUCT_NAME = "$(TARGET_NAME)";
				SWIFT_EMIT_LOC_STRINGS = YES;
				SWIFT_VERSION = 5.0;
				TARGETED_DEVICE_FAMILY = "1,2";
			};
			name = Release;
		};
/* End XCBuildConfiguration section */

/* Begin XCConfigurationList section */
		BF082EC12721CFDD00B0834B /* Build configuration list for PBXProject "SpeedFlip" */ = {
			isa = XCConfigurationList;
			buildConfigurations = (
				BF082ED72721CFDF00B0834B /* Debug */,
				BF082ED82721CFDF00B0834B /* Release */,
			);
			defaultConfigurationIsVisible = 0;
			defaultConfigurationName = Release;
		};
		BF56F61F2721D21E00BFF8F7 /* Build configuration list for PBXNativeTarget "SpeedFlip" */ = {
			isa = XCConfigurationList;
			buildConfigurations = (
				BF56F6202721D21E00BFF8F7 /* Debug */,
				BF56F6212721D21E00BFF8F7 /* Release */,
			);
			defaultConfigurationIsVisible = 0;
			defaultConfigurationName = Release;
		};
/* End XCConfigurationList section */
	};
	rootObject = BF082EBE2721CFDD00B0834B /* Project object */;
}
